
Microsoft Visual Studio Solution File, Format Version 12.00
# Visual Studio 2013
VisualStudioVersion = 12.0.30723.0
MinimumVisualStudioVersion = 10.0.40219.1
Project("{FAE04EC0-301F-11D3-BF4B-00C04F79EFBC}") = "MVC-plenum-2-lagdelt-og-testet", "MVC-plenum-2-lagdelt-og-testet\MVC-plenum-2-lagdelt-og-testet.csproj", "{784F01C1-56E4-453C-A68A-AC7D20A81895}"
EndProject
Project("{FAE04EC0-301F-11D3-BF4B-00C04F79EFBC}") = "Model", "Model\Model.csproj", "{924FFD59-7F01-49DC-BF42-DAFE2FD68220}"
EndProject
Project("{FAE04EC0-301F-11D3-BF4B-00C04F79EFBC}") = "DAL", "DAL\DAL.csproj", "{B6F5EB36-AD48-4EC1-9706-4B5853930D74}"
EndProject
Project("{FAE04EC0-301F-11D3-BF4B-00C04F79EFBC}") = "BLL", "BLL\BLL.csproj", "{83C5552D-4915-4C09-B866-5B8DBEB1E178}"
EndProject
Project("{FAE04EC0-301F-11D3-BF4B-00C04F79EFBC}") = "Enhetstest", "Enhetstest\Enhetstest.csproj", "{DDA7DFE8-A3AA-46AE-B34A-820B8C283C17}"
EndProject
Global
	GlobalSection(SolutionConfigurationPlatforms) = preSolution
		Debug|Any CPU = Debug|Any CPU
		Release|Any CPU = Release|Any CPU
	EndGlobalSection
	GlobalSection(ProjectConfigurationPlatforms) = postSolution
		{784F01C1-56E4-453C-A68A-AC7D20A81895}.Debug|Any CPU.ActiveCfg = Debug|Any CPU
		{784F01C1-56E4-453C-A68A-AC7D20A81895}.Debug|Any CPU.Build.0 = Debug|Any CPU
		{784F01C1-56E4-453C-A68A-AC7D20A81895}.Release|Any CPU.ActiveCfg = Release|Any CPU
		{784F01C1-56E4-453C-A68A-AC7D20A81895}.Release|Any CPU.Build.0 = Release|Any CPU
		{924FFD59-7F01-49DC-BF42-DAFE2FD68220}.Debug|Any CPU.ActiveCfg = Debug|Any CPU
		{924FFD59-7F01-49DC-BF42-DAFE2FD68220}.Debug|Any CPU.Build.0 = Debug|Any CPU
		{924FFD59-7F01-49DC-BF42-DAFE2FD68220}.Release|Any CPU.ActiveCfg = Release|Any CPU
		{924FFD59-7F01-49DC-BF42-DAFE2FD68220}.Release|Any CPU.Build.0 = Release|Any CPU
		{B6F5EB36-AD48-4EC1-9706-4B5853930D74}.Debug|Any CPU.ActiveCfg = Debug|Any CPU
		{B6F5EB36-AD48-4EC1-9706-4B5853930D74}.Debug|Any CPU.Build.0 = Debug|Any CPU
		{B6F5EB36-AD48-4EC1-9706-4B5853930D74}.Release|Any CPU.ActiveCfg = Release|Any CPU
		{B6F5EB36-AD48-4EC1-9706-4B5853930D74}.Release|Any CPU.Build.0 = Release|Any CPU
		{83C5552D-4915-4C09-B866-5B8DBEB1E178}.Debug|Any CPU.ActiveCfg = Debug|Any CPU
		{83C5552D-4915-4C09-B866-5B8DBEB1E178}.Debug|Any CPU.Build.0 = Debug|Any CPU
		{83C5552D-4915-4C09-B866-5B8DBEB1E178}.Release|Any CPU.ActiveCfg = Release|Any CPU
		{83C5552D-4915-4C09-B866-5B8DBEB1E178}.Release|Any CPU.Build.0 = Release|Any CPU
		{DDA7DFE8-A3AA-46AE-B34A-820B8C283C17}.Debug|Any CPU.ActiveCfg = Debug|Any CPU
		{DDA7DFE8-A3AA-46AE-B34A-820B8C283C17}.Debug|Any CPU.Build.0 = Debug|Any CPU
		{DDA7DFE8-A3AA-46AE-B34A-820B8C283C17}.Release|Any CPU.ActiveCfg = Release|Any CPU
		{DDA7DFE8-A3AA-46AE-B34A-820B8C283C17}.Release|Any CPU.Build.0 = Release|Any CPU
	EndGlobalSection
	GlobalSection(SolutionProperties) = preSolution
		HideSolutionNode = FALSE
	EndGlobalSection
EndGlobal
